// !$*UTF8*$!
{
	archiveVersion = 1;
	classes = {
	};
	objectVersion = 46;
	objects = {

/* Begin PBXBuildFile section */
		DA16B48318D4EC75008ABDAC /* main.cpp in Sources */ = {isa = PBXBuildFile; fileRef = DA16B48218D4EC75008ABDAC /* main.cpp */; };
		DA16B48518D4EC75008ABDAC /* bandits.1 in CopyFiles */ = {isa = PBXBuildFile; fileRef = DA16B48418D4EC75008ABDAC /* bandits.1 */; };
		DA16B49118D51439008ABDAC /* Bandit.cpp in Sources */ = {isa = PBXBuildFile; fileRef = DA16B49018D51439008ABDAC /* Bandit.cpp */; };
		DA16B49418D529A6008ABDAC /* BetaDistribution.cpp in Sources */ = {isa = PBXBuildFile; fileRef = DA16B49318D529A6008ABDAC /* BetaDistribution.cpp */; };
/* End PBXBuildFile section */

/* Begin PBXCopyFilesBuildPhase section */
		DA16B47D18D4EC75008ABDAC /* CopyFiles */ = {
			isa = PBXCopyFilesBuildPhase;
			buildActionMask = 2147483647;
			dstPath = /usr/share/man/man1/;
			dstSubfolderSpec = 0;
			files = (
				DA16B48518D4EC75008ABDAC /* bandits.1 in CopyFiles */,
			);
			runOnlyForDeploymentPostprocessing = 1;
		};
/* End PBXCopyFilesBuildPhase section */

/* Begin PBXFileReference section */
		DA16B47F18D4EC75008ABDAC /* bandits */ = {isa = PBXFileReference; includeInIndex = 0; lastKnownFileType = "compiled.mach-o.executable"; path = bandits; sourceTree = BUILT_PRODUCTS_DIR; };
		DA16B48218D4EC75008ABDAC /* main.cpp */ = {isa = PBXFileReference; lastKnownFileType = sourcecode.cpp.cpp; path = main.cpp; sourceTree = "<group>"; };
		DA16B48418D4EC75008ABDAC /* bandits.1 */ = {isa = PBXFileReference; lastKnownFileType = text.man; path = bandits.1; sourceTree = "<group>"; };
		DA16B48D18D50A5D008ABDAC /* Bandit.h */ = {isa = PBXFileReference; explicitFileType = sourcecode.cpp.h; fileEncoding = 4; path = Bandit.h; sourceTree = "<group>"; };
		DA16B48F18D50B45008ABDAC /* Event.h */ = {isa = PBXFileReference; explicitFileType = sourcecode.cpp.h; fileEncoding = 4; path = Event.h; sourceTree = "<group>"; };
		DA16B49018D51439008ABDAC /* Bandit.cpp */ = {isa = PBXFileReference; fileEncoding = 4; lastKnownFileType = sourcecode.cpp.cpp; path = Bandit.cpp; sourceTree = "<group>"; };
		DA16B49218D528E6008ABDAC /* BetaDistribution.h */ = {isa = PBXFileReference; fileEncoding = 4; lastKnownFileType = sourcecode.c.h; path = BetaDistribution.h; sourceTree = "<group>"; };
		DA16B49318D529A6008ABDAC /* BetaDistribution.cpp */ = {isa = PBXFileReference; fileEncoding = 4; lastKnownFileType = sourcecode.cpp.cpp; path = BetaDistribution.cpp; sourceTree = "<group>"; };
/* End PBXFileReference section */

/* Begin PBXFrameworksBuildPhase section */
		DA16B47C18D4EC75008ABDAC /* Frameworks */ = {
			isa = PBXFrameworksBuildPhase;
			buildActionMask = 2147483647;
			files = (
			);
			runOnlyForDeploymentPostprocessing = 0;
		};
/* End PBXFrameworksBuildPhase section */

/* Begin PBXGroup section */
		DA16B47618D4EC75008ABDAC = {
			isa = PBXGroup;
			children = (
				DA16B48118D4EC75008ABDAC /* bandits */,
				DA16B48018D4EC75008ABDAC /* Products */,
			);
			sourceTree = "<group>";
		};
		DA16B48018D4EC75008ABDAC /* Products */ = {
			isa = PBXGroup;
			children = (
				DA16B47F18D4EC75008ABDAC /* bandits */,
			);
			name = Products;
			sourceTree = "<group>";
		};
		DA16B48118D4EC75008ABDAC /* bandits */ = {
			isa = PBXGroup;
			children = (
				DA16B48C18D50A4A008ABDAC /* bandit */,
				DA16B48218D4EC75008ABDAC /* main.cpp */,
				DA16B48418D4EC75008ABDAC /* bandits.1 */,
			);
			path = bandits;
			sourceTree = "<group>";
		};
		DA16B48C18D50A4A008ABDAC /* bandit */ = {
			isa = PBXGroup;
			children = (
				DA16B48D18D50A5D008ABDAC /* Bandit.h */,
				DA16B48F18D50B45008ABDAC /* Event.h */,
				DA16B49018D51439008ABDAC /* Bandit.cpp */,
				DA16B49218D528E6008ABDAC /* BetaDistribution.h */,
				DA16B49318D529A6008ABDAC /* BetaDistribution.cpp */,
			);
			name = bandit;
			sourceTree = "<group>";
		};
/* End PBXGroup section */

/* Begin PBXNativeTarget section */
		DA16B47E18D4EC75008ABDAC /* bandits */ = {
			isa = PBXNativeTarget;
			buildConfigurationList = DA16B48818D4EC75008ABDAC /* Build configuration list for PBXNativeTarget "bandits" */;
			buildPhases = (
				DA16B47B18D4EC75008ABDAC /* Sources */,
				DA16B47C18D4EC75008ABDAC /* Frameworks */,
				DA16B47D18D4EC75008ABDAC /* CopyFiles */,
			);
			buildRules = (
			);
			dependencies = (
			);
			name = bandits;
			productName = bandits;
			productReference = DA16B47F18D4EC75008ABDAC /* bandits */;
			productType = "com.apple.product-type.tool";
		};
/* End PBXNativeTarget section */

/* Begin PBXProject section */
		DA16B47718D4EC75008ABDAC /* Project object */ = {
			isa = PBXProject;
			attributes = {
				LastUpgradeCheck = 0460;
				ORGANIZATIONNAME = "Paul Gribelyuk";
			};
			buildConfigurationList = DA16B47A18D4EC75008ABDAC /* Build configuration list for PBXProject "bandits" */;
			compatibilityVersion = "Xcode 3.2";
			developmentRegion = English;
			hasScannedForEncodings = 0;
			knownRegions = (
				en,
			);
			mainGroup = DA16B47618D4EC75008ABDAC;
			productRefGroup = DA16B48018D4EC75008ABDAC /* Products */;
			projectDirPath = "";
			projectRoot = "";
			targets = (
				DA16B47E18D4EC75008ABDAC /* bandits */,
			);
		};
/* End PBXProject section */

/* Begin PBXSourcesBuildPhase section */
		DA16B47B18D4EC75008ABDAC /* Sources */ = {
			isa = PBXSourcesBuildPhase;
			buildActionMask = 2147483647;
			files = (
				DA16B48318D4EC75008ABDAC /* main.cpp in Sources */,
				DA16B49118D51439008ABDAC /* Bandit.cpp in Sources */,
				DA16B49418D529A6008ABDAC /* BetaDistribution.cpp in Sources */,
			);
			runOnlyForDeploymentPostprocessing = 0;
		};
/* End PBXSourcesBuildPhase section */

/* Begin XCBuildConfiguration section */
		DA16B48618D4EC75008ABDAC /* Debug */ = {
			isa = XCBuildConfiguration;
			buildSettings = {
				ALWAYS_SEARCH_USER_PATHS = NO;
				ARCHS = "$(ARCHS_STANDARD_64_BIT)";
				CLANG_CXX_LANGUAGE_STANDARD = "gnu++0x";
				CLANG_CXX_LIBRARY = "libstdc++";
				CLANG_ENABLE_OBJC_ARC = YES;
				CLANG_WARN_CONSTANT_CONVERSION = YES;
				CLANG_WARN_EMPTY_BODY = YES;
				CLANG_WARN_ENUM_CONVERSION = YES;
				CLANG_WARN_INT_CONVERSION = YES;
				CLANG_WARN__DUPLICATE_METHOD_MATCH = YES;
				COPY_PHASE_STRIP = NO;
				GCC_C_LANGUAGE_STANDARD = gnu99;
				GCC_DYNAMIC_NO_PIC = NO;
				GCC_ENABLE_OBJC_EXCEPTIONS = YES;
				GCC_OPTIMIZATION_LEVEL = 0;
				GCC_PREPROCESSOR_DEFINITIONS = (
					"DEBUG=1",
					"$(inherited)",
				);
				GCC_SYMBOLS_PRIVATE_EXTERN = NO;
				GCC_WARN_64_TO_32_BIT_CONVERSION = YES;
				GCC_WARN_ABOUT_RETURN_TYPE = YES;
				GCC_WARN_UNINITIALIZED_AUTOS = YES;
				GCC_WARN_UNUSED_VARIABLE = YES;
				HEADER_SEARCH_PATHS = (
					/usr/local/Cellar/boost/1.55.0/include,
					"/Users/paul/github/smhasher-read-only",
				);
				LIBRARY_SEARCH_PATHS = /usr/local/Cellar/boost/1.55.0/lib;
				MACOSX_DEPLOYMENT_TARGET = 10.7;
				ONLY_ACTIVE_ARCH = YES;
				SDKROOT = macosx;
			};
			name = Debug;
		};
		DA16B48718D4EC75008ABDAC /* Release */ = {
			isa = XCBuildConfiguration;
			buildSettings = {
				ALWAYS_SEARCH_USER_PATHS = NO;
				ARCHS = "$(ARCHS_STANDARD_64_BIT)";
				CLANG_CXX_LANGUAGE_STANDARD = "gnu++0x";
				CLANG_CXX_LIBRARY = "libstdc++";
				CLANG_ENABLE_OBJC_ARC = YES;
				CLANG_WARN_CONSTANT_CONVERSION = YES;
				CLANG_WARN_EMPTY_BODY = YES;
				CLANG_WARN_ENUM_CONVERSION = YES;
				CLANG_WARN_INT_CONVERSION = YES;
				CLANG_WARN__DUPLICATE_METHOD_MATCH = YES;
				COPY_PHASE_STRIP = YES;
				DEBUG_INFORMATION_FORMAT = "dwarf-with-dsym";
				GCC_C_LANGUAGE_STANDARD = gnu99;
				GCC_ENABLE_OBJC_EXCEPTIONS = YES;
				GCC_WARN_64_TO_32_BIT_CONVERSION = YES;
				GCC_WARN_ABOUT_RETURN_TYPE = YES;
				GCC_WARN_UNINITIALIZED_AUTOS = YES;
				GCC_WARN_UNUSED_VARIABLE = YES;
				HEADER_SEARCH_PATHS = (
					/usr/local/Cellar/boost/1.55.0/include,
					"/Users/paul/github/smhasher-read-only",
				);
				LIBRARY_SEARCH_PATHS = /usr/local/Cellar/boost/1.55.0/lib;
				MACOSX_DEPLOYMENT_TARGET = 10.7;
				SDKROOT = macosx;
			};
			name = Release;
		};
		DA16B48918D4EC75008ABDAC /* Debug */ = {
			isa = XCBuildConfiguration;
			buildSettings = {
				PRODUCT_NAME = "$(TARGET_NAME)";
			};
			name = Debug;
		};
		DA16B48A18D4EC75008ABDAC /* Release */ = {
			isa = XCBuildConfiguration;
			buildSettings = {
				PRODUCT_NAME = "$(TARGET_NAME)";
			};
			name = Release;
		};
/* End XCBuildConfiguration section */

/* Begin XCConfigurationList section */
		DA16B47A18D4EC75008ABDAC /* Build configuration list for PBXProject "bandits" */ = {
			isa = XCConfigurationList;
			buildConfigurations = (
				DA16B48618D4EC75008ABDAC /* Debug */,
				DA16B48718D4EC75008ABDAC /* Release */,
			);
			defaultConfigurationIsVisible = 0;
			defaultConfigurationName = Release;
		};
		DA16B48818D4EC75008ABDAC /* Build configuration list for PBXNativeTarget "bandits" */ = {
			isa = XCConfigurationList;
			buildConfigurations = (
				DA16B48918D4EC75008ABDAC /* Debug */,
				DA16B48A18D4EC75008ABDAC /* Release */,
			);
			defaultConfigurationIsVisible = 0;
			defaultConfigurationName = Release;
		};
/* End XCConfigurationList section */
	};
	rootObject = DA16B47718D4EC75008ABDAC /* Project object */;
}
